
Microsoft Visual Studio Solution File, Format Version 12.00
# Visual Studio Version 16
VisualStudioVersion = 16.0.31313.79
MinimumVisualStudioVersion = 10.0.40219.1
Project("{FAE04EC0-301F-11D3-BF4B-00C04F79EFBC}") = "PhoneUpgrade", "PhoneUpgrade\PhoneUpgrade.csproj", "{24E8E08C-17E6-4A7B-8D6D-56F1DED0E77D}"
EndProject
Global
	GlobalSection(SolutionConfigurationPlatforms) = preSolution
		Debug|Any CPU = Debug|Any CPU
		Release|Any CPU = Release|Any CPU
	EndGlobalSection
	GlobalSection(ProjectConfigurationPlatforms) = postSolution
		{24E8E08C-17E6-4A7B-8D6D-56F1DED0E77D}.Debug|Any CPU.ActiveCfg = Debug|Any CPU
		{24E8E08C-17E6-4A7B-8D6D-56F1DED0E77D}.Debug|Any CPU.Build.0 = Debug|Any CPU
		{24E8E08C-17E6-4A7B-8D6D-56F1DED0E77D}.Release|Any CPU.ActiveCfg = Release|Any CPU
		{24E8E08C-17E6-4A7B-8D6D-56F1DED0E77D}.Release|Any CPU.Build.0 = Release|Any CPU
	EndGlobalSection
	GlobalSection(SolutionProperties) = preSolution
		HideSolutionNode = FALSE
	EndGlobalSection
	GlobalSection(ExtensibilityGlobals) = postSolution
		SolutionGuid = {B0FEE5A1-21D7-40F7-BAB3-8E9B35B02D0C}
	EndGlobalSection
EndGlobal
